
Microsoft Visual Studio Solution File, Format Version 12.00
# Visual Studio 15
VisualStudioVersion = 15.0.27130.2020
MinimumVisualStudioVersion = 10.0.40219.1
Project("{2150E333-8FDC-42A3-9474-1A3956D46DE8}") = "Framework", "Framework", "{743F2351-27AC-44B3-8D96-497BBC93A0E5}"
EndProject
Project("{2150E333-8FDC-42A3-9474-1A3956D46DE8}") = "Domain", "Domain", "{13E1CADF-C7A9-4475-9460-223D0A1D61AA}"
EndProject
Project("{2150E333-8FDC-42A3-9474-1A3956D46DE8}") = "DataAccess", "DataAccess", "{82FF79D3-553F-4359-80D0-6FA0E8D47CC1}"
EndProject
Project("{2150E333-8FDC-42A3-9474-1A3956D46DE8}") = "Business", "Business", "{3A02D84C-8B04-4D8B-B1C7-A22CB3EAEDA3}"
EndProject
Project("{2150E333-8FDC-42A3-9474-1A3956D46DE8}") = "Web", "Web", "{55A5E3CB-83B8-4A94-A108-77F78C5507FF}"
EndProject
Project("{2150E333-8FDC-42A3-9474-1A3956D46DE8}") = "Helpers", "Helpers", "{EB057C68-047D-4AEA-B40F-7F4C88C81C39}"
EndProject
Project("{9A19103F-16F7-4668-BE54-9A1E7A4F7556}") = "Migrations", "Migrations\Migrations.csproj", "{2B77CDEA-17FE-4A08-B044-66FB13A43F5C}"
EndProject
Project("{9A19103F-16F7-4668-BE54-9A1E7A4F7556}") = "Framework.Business", "Framework.Business\Framework.Business.csproj", "{C1B964FB-EFEB-430A-B2EB-B663CFE8B203}"
EndProject
Project("{9A19103F-16F7-4668-BE54-9A1E7A4F7556}") = "Framework.Business.Test", "Framework.Business.Test\Framework.Business.Test.csproj", "{8AD942D3-FE99-46C1-ACF0-4F845F959684}"
EndProject
Project("{9A19103F-16F7-4668-BE54-9A1E7A4F7556}") = "Framework.DataAccess", "Framework.DataAccess\Framework.DataAccess.csproj", "{FB29EEC1-4D21-4DE4-8BB8-8E1187F61EF9}"
EndProject
Project("{9A19103F-16F7-4668-BE54-9A1E7A4F7556}") = "Framework.DataAccess.Test", "Framework.DataAccess.Test\Framework.DataAccess.Test.csproj", "{33DE0371-0CFE-487C-9292-8B252A459954}"
EndProject
Project("{9A19103F-16F7-4668-BE54-9A1E7A4F7556}") = "Framework.Domain", "Framework.Domais\Framework.Domain.csproj", "{69F33258-FEE9-4511-945A-E47C4778FABB}"
EndProject
Project("{9A19103F-16F7-4668-BE54-9A1E7A4F7556}") = "Framework.Domain.Test", "Framework.Domain.Test\Framework.Domain.Test.csproj", "{4BF696A7-A67C-4311-92ED-EF1CC2C9CE8B}"
EndProject
Project("{9A19103F-16F7-4668-BE54-9A1E7A4F7556}") = "Framework.Web", "Framework.Web\Framework.Web.csproj", "{36FFC2D9-B80A-465B-837D-F15788D4B7E7}"
EndProject
Project("{9A19103F-16F7-4668-BE54-9A1E7A4F7556}") = "Framework.Web.Test", "Framework.Web.Test\Framework.Web.Test.csproj", "{A5CC0B71-BEF4-4FE0-994A-BED5837A7E5F}"
EndProject
Project("{9A19103F-16F7-4668-BE54-9A1E7A4F7556}") = "Framework.Helpers", "Framework.Helpers\Framework.Helpers.csproj", "{0964F306-9F60-4AF9-85CA-9236ED32F089}"
EndProject
Project("{9A19103F-16F7-4668-BE54-9A1E7A4F7556}") = "Framework.Helpers.Test", "Framework.Helpers.Test\Framework.Helpers.Test.csproj", "{9C8B4C26-4AB0-492F-ABEC-91A08BEB8D77}"
EndProject
Project("{2150E333-8FDC-42A3-9474-1A3956D46DE8}") = "Core", "Core", "{6E8C65E3-669B-4EB5-B4B8-CE721D8BB090}"
EndProject
Project("{2150E333-8FDC-42A3-9474-1A3956D46DE8}") = "Business", "Business", "{45EFC215-2ADE-4C9D-A126-03F29821FF66}"
EndProject
Project("{2150E333-8FDC-42A3-9474-1A3956D46DE8}") = "DataAccess", "DataAccess", "{0B7E6C8B-BC47-425C-9A59-E84667C39330}"
EndProject
Project("{2150E333-8FDC-42A3-9474-1A3956D46DE8}") = "Domain", "Domain", "{40B832FA-5D15-4E20-B22B-5D1EAF723B4E}"
EndProject
Project("{2150E333-8FDC-42A3-9474-1A3956D46DE8}") = "Web", "Web", "{5CC6D6F2-3AF0-4F6C-B46C-964877AEE1D9}"
EndProject
Project("{9A19103F-16F7-4668-BE54-9A1E7A4F7556}") = "Core.Business", "Core.Business\Core.Business.csproj", "{2A5EF3A8-0FDC-438A-9EBD-70DC1B827254}"
EndProject
Project("{9A19103F-16F7-4668-BE54-9A1E7A4F7556}") = "Core.Business.Test", "Core.Business.Test\Core.Business.Test.csproj", "{2B488989-2252-4751-866E-35D7DF1C7338}"
EndProject
Project("{9A19103F-16F7-4668-BE54-9A1E7A4F7556}") = "Core.DataAccess", "Core.DataAccess\Core.DataAccess.csproj", "{499EC04C-DA6D-45D4-B24A-4B30895630EF}"
EndProject
Project("{9A19103F-16F7-4668-BE54-9A1E7A4F7556}") = "Core.DataAccess.Test", "Core.DataAccess.Test\Core.DataAccess.Test.csproj", "{AC96BF84-74FD-4A50-9101-01CA139B900F}"
EndProject
Project("{9A19103F-16F7-4668-BE54-9A1E7A4F7556}") = "Core.Domain", "Core.Domain\Core.Domain.csproj", "{59269CB8-47DF-4A96-9D99-1A04A05180A0}"
EndProject
Project("{9A19103F-16F7-4668-BE54-9A1E7A4F7556}") = "Core.Domain.Test", "Core.Domain.Test\Core.Domain.Test.csproj", "{9978F300-3098-4613-B5CC-BBCE24E2977A}"
EndProject
Project("{9A19103F-16F7-4668-BE54-9A1E7A4F7556}") = "Core.Web", "Core.Web\Core.Web.csproj", "{5E87D76F-53C8-4A06-888B-CDC615DBB182}"
EndProject
Project("{E53339B2-1760-4266-BCC7-CA923CBCF16C}") = "docker-compose", "docker-compose.dcproj", "{4AD36499-FE9D-458F-AAA2-DE93BBFE9932}"
EndProject
Project("{9A19103F-16F7-4668-BE54-9A1E7A4F7556}") = "Core.Web.Test", "Core.Web.Test\Core.Web.Test.csproj", "{181E9545-E21B-4131-BA02-54C92A65C172}"
EndProject
Project("{2150E333-8FDC-42A3-9474-1A3956D46DE8}") = "NFE", "NFE", "{C25742A5-20FB-4E11-8B5D-309D5B7E2918}"
EndProject
Project("{2150E333-8FDC-42A3-9474-1A3956D46DE8}") = "Domain", "Domain", "{CCCF4F62-D88F-48D9-A606-45751630E049}"
EndProject
Project("{2150E333-8FDC-42A3-9474-1A3956D46DE8}") = "DataAccess", "DataAccess", "{92B0B8BB-038A-4C37-88A3-C682F905409B}"
EndProject
Project("{2150E333-8FDC-42A3-9474-1A3956D46DE8}") = "Business", "Business", "{162BF900-3E07-46B2-B6C6-C42EF6D5D7B9}"
EndProject
Project("{2150E333-8FDC-42A3-9474-1A3956D46DE8}") = "Web", "Web", "{D396F838-AFAF-4C05-AB8A-1830AFA92324}"
EndProject
Project("{9A19103F-16F7-4668-BE54-9A1E7A4F7556}") = "NFE.DataAccess", "..\NFE.DataAccess\NFE.DataAccess.csproj", "{004F095F-FB7B-4419-8FDC-5EFD63E6A939}"
EndProject
Project("{9A19103F-16F7-4668-BE54-9A1E7A4F7556}") = "NFE.DataAccess.Test", "NFE.DataAccess.Test\NFE.DataAccess.Test.csproj", "{749774A0-962D-4678-99BB-854663EA3FBE}"
EndProject
Project("{9A19103F-16F7-4668-BE54-9A1E7A4F7556}") = "NFE.Domain", "NFE.Domain\NFE.Domain.csproj", "{BB840E70-C62A-46D2-A7D4-3CE77C94F31D}"
EndProject
Project("{9A19103F-16F7-4668-BE54-9A1E7A4F7556}") = "NFE.Domain.Test", "NFE.Domain.Test\NFE.Domain.Test.csproj", "{EC12BF57-B515-44FA-AB6A-8DB25988DD73}"
EndProject
Project("{9A19103F-16F7-4668-BE54-9A1E7A4F7556}") = "NFE.Business", "NFE.Business\NFE.Business.csproj", "{9AFF46BC-E475-4180-82C9-6341EB296E48}"
EndProject
Project("{9A19103F-16F7-4668-BE54-9A1E7A4F7556}") = "NFE.Business.Test", "NFE.Business.Test\NFE.Business.Test.csproj", "{1C0A7897-C6D5-493E-A64E-9B1EFE0E3ECB}"
EndProject
Project("{9A19103F-16F7-4668-BE54-9A1E7A4F7556}") = "NFE.Web", "NFE.Web\NFE.Web.csproj", "{353D9C5A-36C1-4B8B-90C2-6E80CF947911}"
EndProject
Project("{9A19103F-16F7-4668-BE54-9A1E7A4F7556}") = "NFE.Web.Test", "NFE.Web.Test\NFE.Web.Test.csproj", "{B7619786-D771-4D2C-B56B-08F92CA95867}"
EndProject
Project("{2150E333-8FDC-42A3-9474-1A3956D46DE8}") = "Stock", "Stock", "{39C6D94E-0EB3-48B3-9081-FD18186121C8}"
EndProject
Project("{2150E333-8FDC-42A3-9474-1A3956D46DE8}") = "Business", "Business", "{8407C3E9-73B5-4216-90D1-AEBA42B2DA00}"
EndProject
Project("{2150E333-8FDC-42A3-9474-1A3956D46DE8}") = "DataAccess", "DataAccess", "{DFEBACAA-3C4F-4AE7-BF3B-1E219A38DA02}"
EndProject
Project("{2150E333-8FDC-42A3-9474-1A3956D46DE8}") = "Domain", "Domain", "{75E5FAF1-868E-4E69-A3DD-3DF1AC71830D}"
EndProject
Project("{2150E333-8FDC-42A3-9474-1A3956D46DE8}") = "Web", "Web", "{D7801D5C-FE16-4CA0-8D01-C626579E0745}"
EndProject
Project("{9A19103F-16F7-4668-BE54-9A1E7A4F7556}") = "Stock.Business", "Stock.Business\Stock.Business.csproj", "{3A4FA2CD-C0D1-4C46-8B57-1BF43E8AB5A9}"
EndProject
Project("{9A19103F-16F7-4668-BE54-9A1E7A4F7556}") = "Stock.Business.Test", "Stock.Business.Test\Stock.Business.Test.csproj", "{598DD455-99C8-4E26-810F-E48B6EAFCBB8}"
EndProject
Project("{9A19103F-16F7-4668-BE54-9A1E7A4F7556}") = "Stock.DataAccess", "Stock.DataAccess\Stock.DataAccess.csproj", "{A11B9322-4D89-4690-A150-38A09F176F0C}"
EndProject
Project("{9A19103F-16F7-4668-BE54-9A1E7A4F7556}") = "Stock.DataAccess.Test", "Stock.DataAccess.Test\Stock.DataAccess.Test.csproj", "{0878A32A-FAAC-4433-97D1-56F542E596A2}"
EndProject
Project("{9A19103F-16F7-4668-BE54-9A1E7A4F7556}") = "Stock.Domain", "Stock.Domain\Stock.Domain.csproj", "{2543E23A-4A90-4C09-B39E-D2CBB63F4A2F}"
EndProject
Project("{9A19103F-16F7-4668-BE54-9A1E7A4F7556}") = "Stock.Domain.Test", "Stock.Domain.Test\Stock.Domain.Test.csproj", "{74B2E9C9-887B-458E-956C-0F94A4A704F4}"
EndProject
Project("{9A19103F-16F7-4668-BE54-9A1E7A4F7556}") = "Stock.Web", "Stock.Web\Stock.Web.csproj", "{C87E652D-E1D1-4726-9551-5AB9C6524621}"
EndProject
Project("{9A19103F-16F7-4668-BE54-9A1E7A4F7556}") = "Stock.Web.Test", "Stock.Web.Test\Stock.Web.Test.csproj", "{00F3FBE4-8E58-4B78-B562-F382A76673B2}"
EndProject
Project("{9A19103F-16F7-4668-BE54-9A1E7A4F7556}") = "Gateway", "Gateway\Gateway.csproj", "{B36E0693-E7AA-428D-8935-E47E78B80CA7}"
EndProject
Global
	GlobalSection(SolutionConfigurationPlatforms) = preSolution
		Debug|Any CPU = Debug|Any CPU
		Release|Any CPU = Release|Any CPU
	EndGlobalSection
	GlobalSection(ProjectConfigurationPlatforms) = postSolution
		{2B77CDEA-17FE-4A08-B044-66FB13A43F5C}.Debug|Any CPU.ActiveCfg = Debug|Any CPU
		{2B77CDEA-17FE-4A08-B044-66FB13A43F5C}.Debug|Any CPU.Build.0 = Debug|Any CPU
		{2B77CDEA-17FE-4A08-B044-66FB13A43F5C}.Release|Any CPU.ActiveCfg = Release|Any CPU
		{2B77CDEA-17FE-4A08-B044-66FB13A43F5C}.Release|Any CPU.Build.0 = Release|Any CPU
		{C1B964FB-EFEB-430A-B2EB-B663CFE8B203}.Debug|Any CPU.ActiveCfg = Debug|Any CPU
		{C1B964FB-EFEB-430A-B2EB-B663CFE8B203}.Debug|Any CPU.Build.0 = Debug|Any CPU
		{C1B964FB-EFEB-430A-B2EB-B663CFE8B203}.Release|Any CPU.ActiveCfg = Release|Any CPU
		{C1B964FB-EFEB-430A-B2EB-B663CFE8B203}.Release|Any CPU.Build.0 = Release|Any CPU
		{8AD942D3-FE99-46C1-ACF0-4F845F959684}.Debug|Any CPU.ActiveCfg = Debug|Any CPU
		{8AD942D3-FE99-46C1-ACF0-4F845F959684}.Release|Any CPU.ActiveCfg = Release|Any CPU
		{8AD942D3-FE99-46C1-ACF0-4F845F959684}.Release|Any CPU.Build.0 = Release|Any CPU
		{FB29EEC1-4D21-4DE4-8BB8-8E1187F61EF9}.Debug|Any CPU.ActiveCfg = Debug|Any CPU
		{FB29EEC1-4D21-4DE4-8BB8-8E1187F61EF9}.Debug|Any CPU.Build.0 = Debug|Any CPU
		{FB29EEC1-4D21-4DE4-8BB8-8E1187F61EF9}.Release|Any CPU.ActiveCfg = Release|Any CPU
		{FB29EEC1-4D21-4DE4-8BB8-8E1187F61EF9}.Release|Any CPU.Build.0 = Release|Any CPU
		{33DE0371-0CFE-487C-9292-8B252A459954}.Debug|Any CPU.ActiveCfg = Debug|Any CPU
		{33DE0371-0CFE-487C-9292-8B252A459954}.Release|Any CPU.ActiveCfg = Release|Any CPU
		{33DE0371-0CFE-487C-9292-8B252A459954}.Release|Any CPU.Build.0 = Release|Any CPU
		{69F33258-FEE9-4511-945A-E47C4778FABB}.Debug|Any CPU.ActiveCfg = Debug|Any CPU
		{69F33258-FEE9-4511-945A-E47C4778FABB}.Debug|Any CPU.Build.0 = Debug|Any CPU
		{69F33258-FEE9-4511-945A-E47C4778FABB}.Release|Any CPU.ActiveCfg = Release|Any CPU
		{69F33258-FEE9-4511-945A-E47C4778FABB}.Release|Any CPU.Build.0 = Release|Any CPU
		{4BF696A7-A67C-4311-92ED-EF1CC2C9CE8B}.Debug|Any CPU.ActiveCfg = Debug|Any CPU
		{4BF696A7-A67C-4311-92ED-EF1CC2C9CE8B}.Release|Any CPU.ActiveCfg = Release|Any CPU
		{4BF696A7-A67C-4311-92ED-EF1CC2C9CE8B}.Release|Any CPU.Build.0 = Release|Any CPU
		{36FFC2D9-B80A-465B-837D-F15788D4B7E7}.Debug|Any CPU.ActiveCfg = Debug|Any CPU
		{36FFC2D9-B80A-465B-837D-F15788D4B7E7}.Debug|Any CPU.Build.0 = Debug|Any CPU
		{36FFC2D9-B80A-465B-837D-F15788D4B7E7}.Release|Any CPU.ActiveCfg = Release|Any CPU
		{36FFC2D9-B80A-465B-837D-F15788D4B7E7}.Release|Any CPU.Build.0 = Release|Any CPU
		{A5CC0B71-BEF4-4FE0-994A-BED5837A7E5F}.Debug|Any CPU.ActiveCfg = Debug|Any CPU
		{A5CC0B71-BEF4-4FE0-994A-BED5837A7E5F}.Release|Any CPU.ActiveCfg = Release|Any CPU
		{A5CC0B71-BEF4-4FE0-994A-BED5837A7E5F}.Release|Any CPU.Build.0 = Release|Any CPU
		{0964F306-9F60-4AF9-85CA-9236ED32F089}.Debug|Any CPU.ActiveCfg = Debug|Any CPU
		{0964F306-9F60-4AF9-85CA-9236ED32F089}.Debug|Any CPU.Build.0 = Debug|Any CPU
		{0964F306-9F60-4AF9-85CA-9236ED32F089}.Release|Any CPU.ActiveCfg = Release|Any CPU
		{0964F306-9F60-4AF9-85CA-9236ED32F089}.Release|Any CPU.Build.0 = Release|Any CPU
		{9C8B4C26-4AB0-492F-ABEC-91A08BEB8D77}.Debug|Any CPU.ActiveCfg = Debug|Any CPU
		{9C8B4C26-4AB0-492F-ABEC-91A08BEB8D77}.Release|Any CPU.ActiveCfg = Release|Any CPU
		{9C8B4C26-4AB0-492F-ABEC-91A08BEB8D77}.Release|Any CPU.Build.0 = Release|Any CPU
		{2A5EF3A8-0FDC-438A-9EBD-70DC1B827254}.Debug|Any CPU.ActiveCfg = Debug|Any CPU
		{2A5EF3A8-0FDC-438A-9EBD-70DC1B827254}.Debug|Any CPU.Build.0 = Debug|Any CPU
		{2A5EF3A8-0FDC-438A-9EBD-70DC1B827254}.Release|Any CPU.ActiveCfg = Release|Any CPU
		{2A5EF3A8-0FDC-438A-9EBD-70DC1B827254}.Release|Any CPU.Build.0 = Release|Any CPU
		{2B488989-2252-4751-866E-35D7DF1C7338}.Debug|Any CPU.ActiveCfg = Debug|Any CPU
		{2B488989-2252-4751-866E-35D7DF1C7338}.Release|Any CPU.ActiveCfg = Release|Any CPU
		{2B488989-2252-4751-866E-35D7DF1C7338}.Release|Any CPU.Build.0 = Release|Any CPU
		{499EC04C-DA6D-45D4-B24A-4B30895630EF}.Debug|Any CPU.ActiveCfg = Debug|Any CPU
		{499EC04C-DA6D-45D4-B24A-4B30895630EF}.Debug|Any CPU.Build.0 = Debug|Any CPU
		{499EC04C-DA6D-45D4-B24A-4B30895630EF}.Release|Any CPU.ActiveCfg = Release|Any CPU
		{499EC04C-DA6D-45D4-B24A-4B30895630EF}.Release|Any CPU.Build.0 = Release|Any CPU
		{AC96BF84-74FD-4A50-9101-01CA139B900F}.Debug|Any CPU.ActiveCfg = Debug|Any CPU
		{AC96BF84-74FD-4A50-9101-01CA139B900F}.Release|Any CPU.ActiveCfg = Release|Any CPU
		{AC96BF84-74FD-4A50-9101-01CA139B900F}.Release|Any CPU.Build.0 = Release|Any CPU
		{59269CB8-47DF-4A96-9D99-1A04A05180A0}.Debug|Any CPU.ActiveCfg = Debug|Any CPU
		{59269CB8-47DF-4A96-9D99-1A04A05180A0}.Debug|Any CPU.Build.0 = Debug|Any CPU
		{59269CB8-47DF-4A96-9D99-1A04A05180A0}.Release|Any CPU.ActiveCfg = Release|Any CPU
		{59269CB8-47DF-4A96-9D99-1A04A05180A0}.Release|Any CPU.Build.0 = Release|Any CPU
		{9978F300-3098-4613-B5CC-BBCE24E2977A}.Debug|Any CPU.ActiveCfg = Debug|Any CPU
		{9978F300-3098-4613-B5CC-BBCE24E2977A}.Release|Any CPU.ActiveCfg = Release|Any CPU
		{9978F300-3098-4613-B5CC-BBCE24E2977A}.Release|Any CPU.Build.0 = Release|Any CPU
		{5E87D76F-53C8-4A06-888B-CDC615DBB182}.Debug|Any CPU.ActiveCfg = Debug|Any CPU
		{5E87D76F-53C8-4A06-888B-CDC615DBB182}.Debug|Any CPU.Build.0 = Debug|Any CPU
		{5E87D76F-53C8-4A06-888B-CDC615DBB182}.Release|Any CPU.ActiveCfg = Release|Any CPU
		{5E87D76F-53C8-4A06-888B-CDC615DBB182}.Release|Any CPU.Build.0 = Release|Any CPU
		{4AD36499-FE9D-458F-AAA2-DE93BBFE9932}.Debug|Any CPU.ActiveCfg = Debug|Any CPU
		{4AD36499-FE9D-458F-AAA2-DE93BBFE9932}.Release|Any CPU.ActiveCfg = Release|Any CPU
		{4AD36499-FE9D-458F-AAA2-DE93BBFE9932}.Release|Any CPU.Build.0 = Release|Any CPU
		{181E9545-E21B-4131-BA02-54C92A65C172}.Debug|Any CPU.ActiveCfg = Debug|Any CPU
		{181E9545-E21B-4131-BA02-54C92A65C172}.Release|Any CPU.ActiveCfg = Release|Any CPU
		{181E9545-E21B-4131-BA02-54C92A65C172}.Release|Any CPU.Build.0 = Release|Any CPU
		{004F095F-FB7B-4419-8FDC-5EFD63E6A939}.Debug|Any CPU.ActiveCfg = Debug|Any CPU
		{004F095F-FB7B-4419-8FDC-5EFD63E6A939}.Release|Any CPU.ActiveCfg = Release|Any CPU
		{004F095F-FB7B-4419-8FDC-5EFD63E6A939}.Release|Any CPU.Build.0 = Release|Any CPU
		{749774A0-962D-4678-99BB-854663EA3FBE}.Debug|Any CPU.ActiveCfg = Debug|Any CPU
		{749774A0-962D-4678-99BB-854663EA3FBE}.Release|Any CPU.ActiveCfg = Release|Any CPU
		{749774A0-962D-4678-99BB-854663EA3FBE}.Release|Any CPU.Build.0 = Release|Any CPU
		{BB840E70-C62A-46D2-A7D4-3CE77C94F31D}.Debug|Any CPU.ActiveCfg = Debug|Any CPU
		{BB840E70-C62A-46D2-A7D4-3CE77C94F31D}.Release|Any CPU.ActiveCfg = Release|Any CPU
		{BB840E70-C62A-46D2-A7D4-3CE77C94F31D}.Release|Any CPU.Build.0 = Release|Any CPU
		{EC12BF57-B515-44FA-AB6A-8DB25988DD73}.Debug|Any CPU.ActiveCfg = Debug|Any CPU
		{EC12BF57-B515-44FA-AB6A-8DB25988DD73}.Release|Any CPU.ActiveCfg = Release|Any CPU
		{EC12BF57-B515-44FA-AB6A-8DB25988DD73}.Release|Any CPU.Build.0 = Release|Any CPU
		{9AFF46BC-E475-4180-82C9-6341EB296E48}.Debug|Any CPU.ActiveCfg = Debug|Any CPU
		{9AFF46BC-E475-4180-82C9-6341EB296E48}.Release|Any CPU.ActiveCfg = Release|Any CPU
		{9AFF46BC-E475-4180-82C9-6341EB296E48}.Release|Any CPU.Build.0 = Release|Any CPU
		{1C0A7897-C6D5-493E-A64E-9B1EFE0E3ECB}.Debug|Any CPU.ActiveCfg = Debug|Any CPU
		{1C0A7897-C6D5-493E-A64E-9B1EFE0E3ECB}.Release|Any CPU.ActiveCfg = Release|Any CPU
		{1C0A7897-C6D5-493E-A64E-9B1EFE0E3ECB}.Release|Any CPU.Build.0 = Release|Any CPU
		{353D9C5A-36C1-4B8B-90C2-6E80CF947911}.Debug|Any CPU.ActiveCfg = Debug|Any CPU
		{353D9C5A-36C1-4B8B-90C2-6E80CF947911}.Release|Any CPU.ActiveCfg = Release|Any CPU
		{353D9C5A-36C1-4B8B-90C2-6E80CF947911}.Release|Any CPU.Build.0 = Release|Any CPU
		{B7619786-D771-4D2C-B56B-08F92CA95867}.Debug|Any CPU.ActiveCfg = Debug|Any CPU
		{B7619786-D771-4D2C-B56B-08F92CA95867}.Release|Any CPU.ActiveCfg = Release|Any CPU
		{B7619786-D771-4D2C-B56B-08F92CA95867}.Release|Any CPU.Build.0 = Release|Any CPU
		{3A4FA2CD-C0D1-4C46-8B57-1BF43E8AB5A9}.Debug|Any CPU.ActiveCfg = Debug|Any CPU
		{3A4FA2CD-C0D1-4C46-8B57-1BF43E8AB5A9}.Debug|Any CPU.Build.0 = Debug|Any CPU
		{3A4FA2CD-C0D1-4C46-8B57-1BF43E8AB5A9}.Release|Any CPU.ActiveCfg = Release|Any CPU
		{3A4FA2CD-C0D1-4C46-8B57-1BF43E8AB5A9}.Release|Any CPU.Build.0 = Release|Any CPU
		{598DD455-99C8-4E26-810F-E48B6EAFCBB8}.Debug|Any CPU.ActiveCfg = Debug|Any CPU
		{598DD455-99C8-4E26-810F-E48B6EAFCBB8}.Release|Any CPU.ActiveCfg = Release|Any CPU
		{598DD455-99C8-4E26-810F-E48B6EAFCBB8}.Release|Any CPU.Build.0 = Release|Any CPU
		{A11B9322-4D89-4690-A150-38A09F176F0C}.Debug|Any CPU.ActiveCfg = Debug|Any CPU
		{A11B9322-4D89-4690-A150-38A09F176F0C}.Debug|Any CPU.Build.0 = Debug|Any CPU
		{A11B9322-4D89-4690-A150-38A09F176F0C}.Release|Any CPU.ActiveCfg = Release|Any CPU
		{A11B9322-4D89-4690-A150-38A09F176F0C}.Release|Any CPU.Build.0 = Release|Any CPU
		{0878A32A-FAAC-4433-97D1-56F542E596A2}.Debug|Any CPU.ActiveCfg = Debug|Any CPU
		{0878A32A-FAAC-4433-97D1-56F542E596A2}.Release|Any CPU.ActiveCfg = Release|Any CPU
		{0878A32A-FAAC-4433-97D1-56F542E596A2}.Release|Any CPU.Build.0 = Release|Any CPU
		{2543E23A-4A90-4C09-B39E-D2CBB63F4A2F}.Debug|Any CPU.ActiveCfg = Debug|Any CPU
		{2543E23A-4A90-4C09-B39E-D2CBB63F4A2F}.Debug|Any CPU.Build.0 = Debug|Any CPU
		{2543E23A-4A90-4C09-B39E-D2CBB63F4A2F}.Release|Any CPU.ActiveCfg = Release|Any CPU
		{2543E23A-4A90-4C09-B39E-D2CBB63F4A2F}.Release|Any CPU.Build.0 = Release|Any CPU
		{74B2E9C9-887B-458E-956C-0F94A4A704F4}.Debug|Any CPU.ActiveCfg = Debug|Any CPU
		{74B2E9C9-887B-458E-956C-0F94A4A704F4}.Release|Any CPU.ActiveCfg = Release|Any CPU
		{74B2E9C9-887B-458E-956C-0F94A4A704F4}.Release|Any CPU.Build.0 = Release|Any CPU
		{C87E652D-E1D1-4726-9551-5AB9C6524621}.Debug|Any CPU.ActiveCfg = Debug|Any CPU
		{C87E652D-E1D1-4726-9551-5AB9C6524621}.Debug|Any CPU.Build.0 = Debug|Any CPU
		{C87E652D-E1D1-4726-9551-5AB9C6524621}.Release|Any CPU.ActiveCfg = Release|Any CPU
		{C87E652D-E1D1-4726-9551-5AB9C6524621}.Release|Any CPU.Build.0 = Release|Any CPU
		{00F3FBE4-8E58-4B78-B562-F382A76673B2}.Debug|Any CPU.ActiveCfg = Debug|Any CPU
		{00F3FBE4-8E58-4B78-B562-F382A76673B2}.Release|Any CPU.ActiveCfg = Release|Any CPU
		{00F3FBE4-8E58-4B78-B562-F382A76673B2}.Release|Any CPU.Build.0 = Release|Any CPU
		{B36E0693-E7AA-428D-8935-E47E78B80CA7}.Debug|Any CPU.ActiveCfg = Debug|Any CPU
		{B36E0693-E7AA-428D-8935-E47E78B80CA7}.Debug|Any CPU.Build.0 = Debug|Any CPU
		{B36E0693-E7AA-428D-8935-E47E78B80CA7}.Release|Any CPU.ActiveCfg = Release|Any CPU
		{B36E0693-E7AA-428D-8935-E47E78B80CA7}.Release|Any CPU.Build.0 = Release|Any CPU
	EndGlobalSection
	GlobalSection(SolutionProperties) = preSolution
		HideSolutionNode = FALSE
	EndGlobalSection
	GlobalSection(NestedProjects) = preSolution
		{13E1CADF-C7A9-4475-9460-223D0A1D61AA} = {743F2351-27AC-44B3-8D96-497BBC93A0E5}
		{82FF79D3-553F-4359-80D0-6FA0E8D47CC1} = {743F2351-27AC-44B3-8D96-497BBC93A0E5}
		{3A02D84C-8B04-4D8B-B1C7-A22CB3EAEDA3} = {743F2351-27AC-44B3-8D96-497BBC93A0E5}
		{55A5E3CB-83B8-4A94-A108-77F78C5507FF} = {743F2351-27AC-44B3-8D96-497BBC93A0E5}
		{EB057C68-047D-4AEA-B40F-7F4C88C81C39} = {743F2351-27AC-44B3-8D96-497BBC93A0E5}
		{C1B964FB-EFEB-430A-B2EB-B663CFE8B203} = {3A02D84C-8B04-4D8B-B1C7-A22CB3EAEDA3}
		{8AD942D3-FE99-46C1-ACF0-4F845F959684} = {3A02D84C-8B04-4D8B-B1C7-A22CB3EAEDA3}
		{FB29EEC1-4D21-4DE4-8BB8-8E1187F61EF9} = {82FF79D3-553F-4359-80D0-6FA0E8D47CC1}
		{33DE0371-0CFE-487C-9292-8B252A459954} = {82FF79D3-553F-4359-80D0-6FA0E8D47CC1}
		{69F33258-FEE9-4511-945A-E47C4778FABB} = {13E1CADF-C7A9-4475-9460-223D0A1D61AA}
		{4BF696A7-A67C-4311-92ED-EF1CC2C9CE8B} = {13E1CADF-C7A9-4475-9460-223D0A1D61AA}
		{36FFC2D9-B80A-465B-837D-F15788D4B7E7} = {55A5E3CB-83B8-4A94-A108-77F78C5507FF}
		{A5CC0B71-BEF4-4FE0-994A-BED5837A7E5F} = {55A5E3CB-83B8-4A94-A108-77F78C5507FF}
		{0964F306-9F60-4AF9-85CA-9236ED32F089} = {EB057C68-047D-4AEA-B40F-7F4C88C81C39}
		{9C8B4C26-4AB0-492F-ABEC-91A08BEB8D77} = {EB057C68-047D-4AEA-B40F-7F4C88C81C39}
		{45EFC215-2ADE-4C9D-A126-03F29821FF66} = {6E8C65E3-669B-4EB5-B4B8-CE721D8BB090}
		{0B7E6C8B-BC47-425C-9A59-E84667C39330} = {6E8C65E3-669B-4EB5-B4B8-CE721D8BB090}
		{40B832FA-5D15-4E20-B22B-5D1EAF723B4E} = {6E8C65E3-669B-4EB5-B4B8-CE721D8BB090}
		{5CC6D6F2-3AF0-4F6C-B46C-964877AEE1D9} = {6E8C65E3-669B-4EB5-B4B8-CE721D8BB090}
		{2A5EF3A8-0FDC-438A-9EBD-70DC1B827254} = {45EFC215-2ADE-4C9D-A126-03F29821FF66}
		{2B488989-2252-4751-866E-35D7DF1C7338} = {45EFC215-2ADE-4C9D-A126-03F29821FF66}
		{499EC04C-DA6D-45D4-B24A-4B30895630EF} = {0B7E6C8B-BC47-425C-9A59-E84667C39330}
		{AC96BF84-74FD-4A50-9101-01CA139B900F} = {0B7E6C8B-BC47-425C-9A59-E84667C39330}
		{59269CB8-47DF-4A96-9D99-1A04A05180A0} = {40B832FA-5D15-4E20-B22B-5D1EAF723B4E}
		{9978F300-3098-4613-B5CC-BBCE24E2977A} = {40B832FA-5D15-4E20-B22B-5D1EAF723B4E}
		{5E87D76F-53C8-4A06-888B-CDC615DBB182} = {5CC6D6F2-3AF0-4F6C-B46C-964877AEE1D9}
		{181E9545-E21B-4131-BA02-54C92A65C172} = {5CC6D6F2-3AF0-4F6C-B46C-964877AEE1D9}
		{CCCF4F62-D88F-48D9-A606-45751630E049} = {C25742A5-20FB-4E11-8B5D-309D5B7E2918}
		{92B0B8BB-038A-4C37-88A3-C682F905409B} = {C25742A5-20FB-4E11-8B5D-309D5B7E2918}
		{162BF900-3E07-46B2-B6C6-C42EF6D5D7B9} = {C25742A5-20FB-4E11-8B5D-309D5B7E2918}
		{D396F838-AFAF-4C05-AB8A-1830AFA92324} = {C25742A5-20FB-4E11-8B5D-309D5B7E2918}
		{004F095F-FB7B-4419-8FDC-5EFD63E6A939} = {92B0B8BB-038A-4C37-88A3-C682F905409B}
		{749774A0-962D-4678-99BB-854663EA3FBE} = {92B0B8BB-038A-4C37-88A3-C682F905409B}
		{BB840E70-C62A-46D2-A7D4-3CE77C94F31D} = {CCCF4F62-D88F-48D9-A606-45751630E049}
		{EC12BF57-B515-44FA-AB6A-8DB25988DD73} = {CCCF4F62-D88F-48D9-A606-45751630E049}
		{9AFF46BC-E475-4180-82C9-6341EB296E48} = {162BF900-3E07-46B2-B6C6-C42EF6D5D7B9}
		{1C0A7897-C6D5-493E-A64E-9B1EFE0E3ECB} = {162BF900-3E07-46B2-B6C6-C42EF6D5D7B9}
		{353D9C5A-36C1-4B8B-90C2-6E80CF947911} = {D396F838-AFAF-4C05-AB8A-1830AFA92324}
		{B7619786-D771-4D2C-B56B-08F92CA95867} = {D396F838-AFAF-4C05-AB8A-1830AFA92324}
		{8407C3E9-73B5-4216-90D1-AEBA42B2DA00} = {39C6D94E-0EB3-48B3-9081-FD18186121C8}
		{DFEBACAA-3C4F-4AE7-BF3B-1E219A38DA02} = {39C6D94E-0EB3-48B3-9081-FD18186121C8}
		{75E5FAF1-868E-4E69-A3DD-3DF1AC71830D} = {39C6D94E-0EB3-48B3-9081-FD18186121C8}
		{D7801D5C-FE16-4CA0-8D01-C626579E0745} = {39C6D94E-0EB3-48B3-9081-FD18186121C8}
		{3A4FA2CD-C0D1-4C46-8B57-1BF43E8AB5A9} = {8407C3E9-73B5-4216-90D1-AEBA42B2DA00}
		{598DD455-99C8-4E26-810F-E48B6EAFCBB8} = {8407C3E9-73B5-4216-90D1-AEBA42B2DA00}
		{A11B9322-4D89-4690-A150-38A09F176F0C} = {DFEBACAA-3C4F-4AE7-BF3B-1E219A38DA02}
		{0878A32A-FAAC-4433-97D1-56F542E596A2} = {DFEBACAA-3C4F-4AE7-BF3B-1E219A38DA02}
		{2543E23A-4A90-4C09-B39E-D2CBB63F4A2F} = {75E5FAF1-868E-4E69-A3DD-3DF1AC71830D}
		{74B2E9C9-887B-458E-956C-0F94A4A704F4} = {75E5FAF1-868E-4E69-A3DD-3DF1AC71830D}
		{C87E652D-E1D1-4726-9551-5AB9C6524621} = {D7801D5C-FE16-4CA0-8D01-C626579E0745}
		{00F3FBE4-8E58-4B78-B562-F382A76673B2} = {D7801D5C-FE16-4CA0-8D01-C626579E0745}
	EndGlobalSection
	GlobalSection(ExtensibilityGlobals) = postSolution
		SolutionGuid = {ED116F1A-DD35-4AD3-A25F-105E14654C04}
	EndGlobalSection
EndGlobal
