
Microsoft Visual Studio Solution File, Format Version 12.00
# Visual Studio 15
VisualStudioVersion = 15.0.27130.2020
MinimumVisualStudioVersion = 10.0.40219.1
Project("{9A19103F-16F7-4668-BE54-9A1E7A4F7556}") = "Migrations", "Migrations\Migrations.csproj", "{2B77CDEA-17FE-4A08-B044-66FB13A43F5C}"
EndProject
Project("{2150E333-8FDC-42A3-9474-1A3956D46DE8}") = "Framework", "Framework", "{743F2351-27AC-44B3-8D96-497BBC93A0E5}"
EndProject
Project("{2150E333-8FDC-42A3-9474-1A3956D46DE8}") = "Domain", "Domain", "{13E1CADF-C7A9-4475-9460-223D0A1D61AA}"
EndProject
Project("{2150E333-8FDC-42A3-9474-1A3956D46DE8}") = "DataAccess", "DataAccess", "{82FF79D3-553F-4359-80D0-6FA0E8D47CC1}"
EndProject
Project("{2150E333-8FDC-42A3-9474-1A3956D46DE8}") = "Business", "Business", "{3A02D84C-8B04-4D8B-B1C7-A22CB3EAEDA3}"
EndProject
Project("{2150E333-8FDC-42A3-9474-1A3956D46DE8}") = "Web", "Web", "{55A5E3CB-83B8-4A94-A108-77F78C5507FF}"
EndProject
Project("{9A19103F-16F7-4668-BE54-9A1E7A4F7556}") = "Framework.Business", "Framework.Business\Framework.Business.csproj", "{C1B964FB-EFEB-430A-B2EB-B663CFE8B203}"
EndProject
Project("{9A19103F-16F7-4668-BE54-9A1E7A4F7556}") = "Framework.Business.Test", "Framework.Business.Test\Framework.Business.Test.csproj", "{8AD942D3-FE99-46C1-ACF0-4F845F959684}"
EndProject
Project("{9A19103F-16F7-4668-BE54-9A1E7A4F7556}") = "Framework.DataAccess", "Framework.DataAccess\Framework.DataAccess.csproj", "{FB29EEC1-4D21-4DE4-8BB8-8E1187F61EF9}"
EndProject
Project("{9A19103F-16F7-4668-BE54-9A1E7A4F7556}") = "Framework.DataAccess.Test", "Framework.DataAccess.Test\Framework.DataAccess.Test.csproj", "{33DE0371-0CFE-487C-9292-8B252A459954}"
EndProject
Project("{9A19103F-16F7-4668-BE54-9A1E7A4F7556}") = "Framework.Domain", "Framework.Domais\Framework.Domain.csproj", "{69F33258-FEE9-4511-945A-E47C4778FABB}"
EndProject
Project("{9A19103F-16F7-4668-BE54-9A1E7A4F7556}") = "Framework.Domain.Test", "Framework.Domain.Test\Framework.Domain.Test.csproj", "{4BF696A7-A67C-4311-92ED-EF1CC2C9CE8B}"
EndProject
Project("{9A19103F-16F7-4668-BE54-9A1E7A4F7556}") = "Framework.Web", "Framework.Web\Framework.Web.csproj", "{36FFC2D9-B80A-465B-837D-F15788D4B7E7}"
EndProject
Project("{9A19103F-16F7-4668-BE54-9A1E7A4F7556}") = "Framework.Web.Test", "Framework.Web.Test\Framework.Web.Test.csproj", "{A5CC0B71-BEF4-4FE0-994A-BED5837A7E5F}"
EndProject
Project("{2150E333-8FDC-42A3-9474-1A3956D46DE8}") = "Helpers", "Helpers", "{EB057C68-047D-4AEA-B40F-7F4C88C81C39}"
EndProject
Project("{9A19103F-16F7-4668-BE54-9A1E7A4F7556}") = "Framework.Helpers", "Framework.Helpers\Framework.Helpers.csproj", "{0964F306-9F60-4AF9-85CA-9236ED32F089}"
EndProject
Project("{9A19103F-16F7-4668-BE54-9A1E7A4F7556}") = "Framework.Helpers.Test", "Framework.Helpers.Test\Framework.Helpers.Test.csproj", "{9C8B4C26-4AB0-492F-ABEC-91A08BEB8D77}"
EndProject
Global
	GlobalSection(SolutionConfigurationPlatforms) = preSolution
		Debug|Any CPU = Debug|Any CPU
		Release|Any CPU = Release|Any CPU
	EndGlobalSection
	GlobalSection(ProjectConfigurationPlatforms) = postSolution
		{2B77CDEA-17FE-4A08-B044-66FB13A43F5C}.Debug|Any CPU.ActiveCfg = Debug|Any CPU
		{2B77CDEA-17FE-4A08-B044-66FB13A43F5C}.Debug|Any CPU.Build.0 = Debug|Any CPU
		{2B77CDEA-17FE-4A08-B044-66FB13A43F5C}.Release|Any CPU.ActiveCfg = Release|Any CPU
		{2B77CDEA-17FE-4A08-B044-66FB13A43F5C}.Release|Any CPU.Build.0 = Release|Any CPU
		{C1B964FB-EFEB-430A-B2EB-B663CFE8B203}.Debug|Any CPU.ActiveCfg = Debug|Any CPU
		{C1B964FB-EFEB-430A-B2EB-B663CFE8B203}.Debug|Any CPU.Build.0 = Debug|Any CPU
		{C1B964FB-EFEB-430A-B2EB-B663CFE8B203}.Release|Any CPU.ActiveCfg = Release|Any CPU
		{C1B964FB-EFEB-430A-B2EB-B663CFE8B203}.Release|Any CPU.Build.0 = Release|Any CPU
		{8AD942D3-FE99-46C1-ACF0-4F845F959684}.Debug|Any CPU.ActiveCfg = Debug|Any CPU
		{8AD942D3-FE99-46C1-ACF0-4F845F959684}.Debug|Any CPU.Build.0 = Debug|Any CPU
		{8AD942D3-FE99-46C1-ACF0-4F845F959684}.Release|Any CPU.ActiveCfg = Release|Any CPU
		{8AD942D3-FE99-46C1-ACF0-4F845F959684}.Release|Any CPU.Build.0 = Release|Any CPU
		{FB29EEC1-4D21-4DE4-8BB8-8E1187F61EF9}.Debug|Any CPU.ActiveCfg = Debug|Any CPU
		{FB29EEC1-4D21-4DE4-8BB8-8E1187F61EF9}.Debug|Any CPU.Build.0 = Debug|Any CPU
		{FB29EEC1-4D21-4DE4-8BB8-8E1187F61EF9}.Release|Any CPU.ActiveCfg = Release|Any CPU
		{FB29EEC1-4D21-4DE4-8BB8-8E1187F61EF9}.Release|Any CPU.Build.0 = Release|Any CPU
		{33DE0371-0CFE-487C-9292-8B252A459954}.Debug|Any CPU.ActiveCfg = Debug|Any CPU
		{33DE0371-0CFE-487C-9292-8B252A459954}.Debug|Any CPU.Build.0 = Debug|Any CPU
		{33DE0371-0CFE-487C-9292-8B252A459954}.Release|Any CPU.ActiveCfg = Release|Any CPU
		{33DE0371-0CFE-487C-9292-8B252A459954}.Release|Any CPU.Build.0 = Release|Any CPU
		{69F33258-FEE9-4511-945A-E47C4778FABB}.Debug|Any CPU.ActiveCfg = Debug|Any CPU
		{69F33258-FEE9-4511-945A-E47C4778FABB}.Debug|Any CPU.Build.0 = Debug|Any CPU
		{69F33258-FEE9-4511-945A-E47C4778FABB}.Release|Any CPU.ActiveCfg = Release|Any CPU
		{69F33258-FEE9-4511-945A-E47C4778FABB}.Release|Any CPU.Build.0 = Release|Any CPU
		{4BF696A7-A67C-4311-92ED-EF1CC2C9CE8B}.Debug|Any CPU.ActiveCfg = Debug|Any CPU
		{4BF696A7-A67C-4311-92ED-EF1CC2C9CE8B}.Debug|Any CPU.Build.0 = Debug|Any CPU
		{4BF696A7-A67C-4311-92ED-EF1CC2C9CE8B}.Release|Any CPU.ActiveCfg = Release|Any CPU
		{4BF696A7-A67C-4311-92ED-EF1CC2C9CE8B}.Release|Any CPU.Build.0 = Release|Any CPU
		{36FFC2D9-B80A-465B-837D-F15788D4B7E7}.Debug|Any CPU.ActiveCfg = Debug|Any CPU
		{36FFC2D9-B80A-465B-837D-F15788D4B7E7}.Debug|Any CPU.Build.0 = Debug|Any CPU
		{36FFC2D9-B80A-465B-837D-F15788D4B7E7}.Release|Any CPU.ActiveCfg = Release|Any CPU
		{36FFC2D9-B80A-465B-837D-F15788D4B7E7}.Release|Any CPU.Build.0 = Release|Any CPU
		{A5CC0B71-BEF4-4FE0-994A-BED5837A7E5F}.Debug|Any CPU.ActiveCfg = Debug|Any CPU
		{A5CC0B71-BEF4-4FE0-994A-BED5837A7E5F}.Debug|Any CPU.Build.0 = Debug|Any CPU
		{A5CC0B71-BEF4-4FE0-994A-BED5837A7E5F}.Release|Any CPU.ActiveCfg = Release|Any CPU
		{A5CC0B71-BEF4-4FE0-994A-BED5837A7E5F}.Release|Any CPU.Build.0 = Release|Any CPU
		{0964F306-9F60-4AF9-85CA-9236ED32F089}.Debug|Any CPU.ActiveCfg = Debug|Any CPU
		{0964F306-9F60-4AF9-85CA-9236ED32F089}.Debug|Any CPU.Build.0 = Debug|Any CPU
		{0964F306-9F60-4AF9-85CA-9236ED32F089}.Release|Any CPU.ActiveCfg = Release|Any CPU
		{0964F306-9F60-4AF9-85CA-9236ED32F089}.Release|Any CPU.Build.0 = Release|Any CPU
		{9C8B4C26-4AB0-492F-ABEC-91A08BEB8D77}.Debug|Any CPU.ActiveCfg = Debug|Any CPU
		{9C8B4C26-4AB0-492F-ABEC-91A08BEB8D77}.Debug|Any CPU.Build.0 = Debug|Any CPU
		{9C8B4C26-4AB0-492F-ABEC-91A08BEB8D77}.Release|Any CPU.ActiveCfg = Release|Any CPU
		{9C8B4C26-4AB0-492F-ABEC-91A08BEB8D77}.Release|Any CPU.Build.0 = Release|Any CPU
	EndGlobalSection
	GlobalSection(SolutionProperties) = preSolution
		HideSolutionNode = FALSE
	EndGlobalSection
	GlobalSection(NestedProjects) = preSolution
		{13E1CADF-C7A9-4475-9460-223D0A1D61AA} = {743F2351-27AC-44B3-8D96-497BBC93A0E5}
		{82FF79D3-553F-4359-80D0-6FA0E8D47CC1} = {743F2351-27AC-44B3-8D96-497BBC93A0E5}
		{3A02D84C-8B04-4D8B-B1C7-A22CB3EAEDA3} = {743F2351-27AC-44B3-8D96-497BBC93A0E5}
		{55A5E3CB-83B8-4A94-A108-77F78C5507FF} = {743F2351-27AC-44B3-8D96-497BBC93A0E5}
		{C1B964FB-EFEB-430A-B2EB-B663CFE8B203} = {3A02D84C-8B04-4D8B-B1C7-A22CB3EAEDA3}
		{8AD942D3-FE99-46C1-ACF0-4F845F959684} = {3A02D84C-8B04-4D8B-B1C7-A22CB3EAEDA3}
		{FB29EEC1-4D21-4DE4-8BB8-8E1187F61EF9} = {82FF79D3-553F-4359-80D0-6FA0E8D47CC1}
		{33DE0371-0CFE-487C-9292-8B252A459954} = {82FF79D3-553F-4359-80D0-6FA0E8D47CC1}
		{69F33258-FEE9-4511-945A-E47C4778FABB} = {13E1CADF-C7A9-4475-9460-223D0A1D61AA}
		{4BF696A7-A67C-4311-92ED-EF1CC2C9CE8B} = {13E1CADF-C7A9-4475-9460-223D0A1D61AA}
		{36FFC2D9-B80A-465B-837D-F15788D4B7E7} = {55A5E3CB-83B8-4A94-A108-77F78C5507FF}
		{A5CC0B71-BEF4-4FE0-994A-BED5837A7E5F} = {55A5E3CB-83B8-4A94-A108-77F78C5507FF}
		{EB057C68-047D-4AEA-B40F-7F4C88C81C39} = {743F2351-27AC-44B3-8D96-497BBC93A0E5}
		{0964F306-9F60-4AF9-85CA-9236ED32F089} = {EB057C68-047D-4AEA-B40F-7F4C88C81C39}
		{9C8B4C26-4AB0-492F-ABEC-91A08BEB8D77} = {EB057C68-047D-4AEA-B40F-7F4C88C81C39}
	EndGlobalSection
	GlobalSection(ExtensibilityGlobals) = postSolution
		SolutionGuid = {ED116F1A-DD35-4AD3-A25F-105E14654C04}
	EndGlobalSection
EndGlobal
